
Microsoft Visual Studio Solution File, Format Version 12.00
# Visual Studio Version 16
VisualStudioVersion = 16.0.29418.71
MinimumVisualStudioVersion = 10.0.40219.1
Project("{FAE04EC0-301F-11D3-BF4B-00C04F79EFBC}") = "22.uzd", "22.uzd\22.uzd.csproj", "{8E680A5B-7B4C-4389-A6BE-66CB4CD65CC7}"
EndProject
Global
	GlobalSection(SolutionConfigurationPlatforms) = preSolution
		Debug|Any CPU = Debug|Any CPU
		Release|Any CPU = Release|Any CPU
	EndGlobalSection
	GlobalSection(ProjectConfigurationPlatforms) = postSolution
		{8E680A5B-7B4C-4389-A6BE-66CB4CD65CC7}.Debug|Any CPU.ActiveCfg = Debug|Any CPU
		{8E680A5B-7B4C-4389-A6BE-66CB4CD65CC7}.Debug|Any CPU.Build.0 = Debug|Any CPU
		{8E680A5B-7B4C-4389-A6BE-66CB4CD65CC7}.Release|Any CPU.ActiveCfg = Release|Any CPU
		{8E680A5B-7B4C-4389-A6BE-66CB4CD65CC7}.Release|Any CPU.Build.0 = Release|Any CPU
	EndGlobalSection
	GlobalSection(SolutionProperties) = preSolution
		HideSolutionNode = FALSE
	EndGlobalSection
	GlobalSection(ExtensibilityGlobals) = postSolution
		SolutionGuid = {FFEC83F9-A8FB-4809-8767-DAA922EE8648}
	EndGlobalSection
EndGlobal
